
Microsoft Visual Studio Solution File, Format Version 12.00
# Visual Studio 14
VisualStudioVersion = 14.0.25420.1
MinimumVisualStudioVersion = 10.0.40219.1
Project("{FAE04EC0-301F-11D3-BF4B-00C04F79EFBC}") = "App3", "App3\App3\App3.csproj", "{ACA57367-1E67-4A57-8F60-F8D3ADBF331A}"
EndProject
Project("{FAE04EC0-301F-11D3-BF4B-00C04F79EFBC}") = "App3.Droid", "App3\App3.Droid\App3.Droid.csproj", "{8CFC0BA1-6E20-4B2E-B873-91B7F50BF767}"
EndProject
Project("{FAE04EC0-301F-11D3-BF4B-00C04F79EFBC}") = "App3.iOS", "App3\App3.iOS\App3.iOS.csproj", "{F6F0D273-F2CE-48BA-B736-8AC9A075C894}"
EndProject
Project("{FAE04EC0-301F-11D3-BF4B-00C04F79EFBC}") = "App3.WinPhone", "App3\App3.WinPhone\App3.WinPhone.csproj", "{6D83AFF2-66F8-40BD-830F-3264B662BCB5}"
EndProject
Project("{FAE04EC0-301F-11D3-BF4B-00C04F79EFBC}") = "App3.UWP", "App3\App3.UWP\App3.UWP.csproj", "{E7FA69ED-CB86-4F5A-986F-7F3F9D289481}"
EndProject
Project("{FAE04EC0-301F-11D3-BF4B-00C04F79EFBC}") = "App3.Windows", "App3\App3.Windows\App3.Windows.csproj", "{52C8FD56-390B-47C4-B451-22734CF0CD8E}"
EndProject
Global
	GlobalSection(SolutionConfigurationPlatforms) = preSolution
		Ad-Hoc|Any CPU = Ad-Hoc|Any CPU
		Ad-Hoc|ARM = Ad-Hoc|ARM
		Ad-Hoc|iPhone = Ad-Hoc|iPhone
		Ad-Hoc|iPhoneSimulator = Ad-Hoc|iPhoneSimulator
		Ad-Hoc|x64 = Ad-Hoc|x64
		Ad-Hoc|x86 = Ad-Hoc|x86
		AppStore|Any CPU = AppStore|Any CPU
		AppStore|ARM = AppStore|ARM
		AppStore|iPhone = AppStore|iPhone
		AppStore|iPhoneSimulator = AppStore|iPhoneSimulator
		AppStore|x64 = AppStore|x64
		AppStore|x86 = AppStore|x86
		Debug|Any CPU = Debug|Any CPU
		Debug|ARM = Debug|ARM
		Debug|iPhone = Debug|iPhone
		Debug|iPhoneSimulator = Debug|iPhoneSimulator
		Debug|x64 = Debug|x64
		Debug|x86 = Debug|x86
		Release|Any CPU = Release|Any CPU
		Release|ARM = Release|ARM
		Release|iPhone = Release|iPhone
		Release|iPhoneSimulator = Release|iPhoneSimulator
		Release|x64 = Release|x64
		Release|x86 = Release|x86
	EndGlobalSection
	GlobalSection(ProjectConfigurationPlatforms) = postSolution
		{ACA57367-1E67-4A57-8F60-F8D3ADBF331A}.Ad-Hoc|Any CPU.ActiveCfg = Release|Any CPU
		{ACA57367-1E67-4A57-8F60-F8D3ADBF331A}.Ad-Hoc|Any CPU.Build.0 = Release|Any CPU
		{ACA57367-1E67-4A57-8F60-F8D3ADBF331A}.Ad-Hoc|ARM.ActiveCfg = Release|Any CPU
		{ACA57367-1E67-4A57-8F60-F8D3ADBF331A}.Ad-Hoc|ARM.Build.0 = Release|Any CPU
		{ACA57367-1E67-4A57-8F60-F8D3ADBF331A}.Ad-Hoc|iPhone.ActiveCfg = Release|Any CPU
		{ACA57367-1E67-4A57-8F60-F8D3ADBF331A}.Ad-Hoc|iPhone.Build.0 = Release|Any CPU
		{ACA57367-1E67-4A57-8F60-F8D3ADBF331A}.Ad-Hoc|iPhoneSimulator.ActiveCfg = Release|Any CPU
		{ACA57367-1E67-4A57-8F60-F8D3ADBF331A}.Ad-Hoc|iPhoneSimulator.Build.0 = Release|Any CPU
		{ACA57367-1E67-4A57-8F60-F8D3ADBF331A}.Ad-Hoc|x64.ActiveCfg = Release|Any CPU
		{ACA57367-1E67-4A57-8F60-F8D3ADBF331A}.Ad-Hoc|x64.Build.0 = Release|Any CPU
		{ACA57367-1E67-4A57-8F60-F8D3ADBF331A}.Ad-Hoc|x86.ActiveCfg = Release|Any CPU
		{ACA57367-1E67-4A57-8F60-F8D3ADBF331A}.Ad-Hoc|x86.Build.0 = Release|Any CPU
		{ACA57367-1E67-4A57-8F60-F8D3ADBF331A}.AppStore|Any CPU.ActiveCfg = Release|Any CPU
		{ACA57367-1E67-4A57-8F60-F8D3ADBF331A}.AppStore|Any CPU.Build.0 = Release|Any CPU
		{ACA57367-1E67-4A57-8F60-F8D3ADBF331A}.AppStore|ARM.ActiveCfg = Release|Any CPU
		{ACA57367-1E67-4A57-8F60-F8D3ADBF331A}.AppStore|ARM.Build.0 = Release|Any CPU
		{ACA57367-1E67-4A57-8F60-F8D3ADBF331A}.AppStore|iPhone.ActiveCfg = Release|Any CPU
		{ACA57367-1E67-4A57-8F60-F8D3ADBF331A}.AppStore|iPhone.Build.0 = Release|Any CPU
		{ACA57367-1E67-4A57-8F60-F8D3ADBF331A}.AppStore|iPhoneSimulator.ActiveCfg = Release|Any CPU
		{ACA57367-1E67-4A57-8F60-F8D3ADBF331A}.AppStore|iPhoneSimulator.Build.0 = Release|Any CPU
		{ACA57367-1E67-4A57-8F60-F8D3ADBF331A}.AppStore|x64.ActiveCfg = Release|Any CPU
		{ACA57367-1E67-4A57-8F60-F8D3ADBF331A}.AppStore|x64.Build.0 = Release|Any CPU
		{ACA57367-1E67-4A57-8F60-F8D3ADBF331A}.AppStore|x86.ActiveCfg = Release|Any CPU
		{ACA57367-1E67-4A57-8F60-F8D3ADBF331A}.AppStore|x86.Build.0 = Release|Any CPU
		{ACA57367-1E67-4A57-8F60-F8D3ADBF331A}.Debug|Any CPU.ActiveCfg = Debug|Any CPU
		{ACA57367-1E67-4A57-8F60-F8D3ADBF331A}.Debug|Any CPU.Build.0 = Debug|Any CPU
		{ACA57367-1E67-4A57-8F60-F8D3ADBF331A}.Debug|ARM.ActiveCfg = Debug|Any CPU
		{ACA57367-1E67-4A57-8F60-F8D3ADBF331A}.Debug|ARM.Build.0 = Debug|Any CPU
		{ACA57367-1E67-4A57-8F60-F8D3ADBF331A}.Debug|iPhone.ActiveCfg = Debug|Any CPU
		{ACA57367-1E67-4A57-8F60-F8D3ADBF331A}.Debug|iPhone.Build.0 = Debug|Any CPU
		{ACA57367-1E67-4A57-8F60-F8D3ADBF331A}.Debug|iPhoneSimulator.ActiveCfg = Debug|Any CPU
		{ACA57367-1E67-4A57-8F60-F8D3ADBF331A}.Debug|iPhoneSimulator.Build.0 = Debug|Any CPU
		{ACA57367-1E67-4A57-8F60-F8D3ADBF331A}.Debug|x64.ActiveCfg = Debug|Any CPU
		{ACA57367-1E67-4A57-8F60-F8D3ADBF331A}.Debug|x64.Build.0 = Debug|Any CPU
		{ACA57367-1E67-4A57-8F60-F8D3ADBF331A}.Debug|x86.ActiveCfg = Debug|Any CPU
		{ACA57367-1E67-4A57-8F60-F8D3ADBF331A}.Debug|x86.Build.0 = Debug|Any CPU
		{ACA57367-1E67-4A57-8F60-F8D3ADBF331A}.Release|Any CPU.ActiveCfg = Release|Any CPU
		{ACA57367-1E67-4A57-8F60-F8D3ADBF331A}.Release|Any CPU.Build.0 = Release|Any CPU
		{ACA57367-1E67-4A57-8F60-F8D3ADBF331A}.Release|ARM.ActiveCfg = Release|Any CPU
		{ACA57367-1E67-4A57-8F60-F8D3ADBF331A}.Release|ARM.Build.0 = Release|Any CPU
		{ACA57367-1E67-4A57-8F60-F8D3ADBF331A}.Release|iPhone.ActiveCfg = Release|Any CPU
		{ACA57367-1E67-4A57-8F60-F8D3ADBF331A}.Release|iPhone.Build.0 = Release|Any CPU
		{ACA57367-1E67-4A57-8F60-F8D3ADBF331A}.Release|iPhoneSimulator.ActiveCfg = Release|Any CPU
		{ACA57367-1E67-4A57-8F60-F8D3ADBF331A}.Release|iPhoneSimulator.Build.0 = Release|Any CPU
		{ACA57367-1E67-4A57-8F60-F8D3ADBF331A}.Release|x64.ActiveCfg = Release|Any CPU
		{ACA57367-1E67-4A57-8F60-F8D3ADBF331A}.Release|x64.Build.0 = Release|Any CPU
		{ACA57367-1E67-4A57-8F60-F8D3ADBF331A}.Release|x86.ActiveCfg = Release|Any CPU
		{ACA57367-1E67-4A57-8F60-F8D3ADBF331A}.Release|x86.Build.0 = Release|Any CPU
		{8CFC0BA1-6E20-4B2E-B873-91B7F50BF767}.Ad-Hoc|Any CPU.ActiveCfg = Release|Any CPU
		{8CFC0BA1-6E20-4B2E-B873-91B7F50BF767}.Ad-Hoc|Any CPU.Build.0 = Release|Any CPU
		{8CFC0BA1-6E20-4B2E-B873-91B7F50BF767}.Ad-Hoc|Any CPU.Deploy.0 = Release|Any CPU
		{8CFC0BA1-6E20-4B2E-B873-91B7F50BF767}.Ad-Hoc|ARM.ActiveCfg = Release|Any CPU
		{8CFC0BA1-6E20-4B2E-B873-91B7F50BF767}.Ad-Hoc|ARM.Build.0 = Release|Any CPU
		{8CFC0BA1-6E20-4B2E-B873-91B7F50BF767}.Ad-Hoc|ARM.Deploy.0 = Release|Any CPU
		{8CFC0BA1-6E20-4B2E-B873-91B7F50BF767}.Ad-Hoc|iPhone.ActiveCfg = Release|Any CPU
		{8CFC0BA1-6E20-4B2E-B873-91B7F50BF767}.Ad-Hoc|iPhone.Build.0 = Release|Any CPU
		{8CFC0BA1-6E20-4B2E-B873-91B7F50BF767}.Ad-Hoc|iPhone.Deploy.0 = Release|Any CPU
		{8CFC0BA1-6E20-4B2E-B873-91B7F50BF767}.Ad-Hoc|iPhoneSimulator.ActiveCfg = Release|Any CPU
		{8CFC0BA1-6E20-4B2E-B873-91B7F50BF767}.Ad-Hoc|iPhoneSimulator.Build.0 = Release|Any CPU
		{8CFC0BA1-6E20-4B2E-B873-91B7F50BF767}.Ad-Hoc|iPhoneSimulator.Deploy.0 = Release|Any CPU
		{8CFC0BA1-6E20-4B2E-B873-91B7F50BF767}.Ad-Hoc|x64.ActiveCfg = Release|Any CPU
		{8CFC0BA1-6E20-4B2E-B873-91B7F50BF767}.Ad-Hoc|x64.Build.0 = Release|Any CPU
		{8CFC0BA1-6E20-4B2E-B873-91B7F50BF767}.Ad-Hoc|x64.Deploy.0 = Release|Any CPU
		{8CFC0BA1-6E20-4B2E-B873-91B7F50BF767}.Ad-Hoc|x86.ActiveCfg = Release|Any CPU
		{8CFC0BA1-6E20-4B2E-B873-91B7F50BF767}.Ad-Hoc|x86.Build.0 = Release|Any CPU
		{8CFC0BA1-6E20-4B2E-B873-91B7F50BF767}.Ad-Hoc|x86.Deploy.0 = Release|Any CPU
		{8CFC0BA1-6E20-4B2E-B873-91B7F50BF767}.AppStore|Any CPU.ActiveCfg = Release|Any CPU
		{8CFC0BA1-6E20-4B2E-B873-91B7F50BF767}.AppStore|Any CPU.Build.0 = Release|Any CPU
		{8CFC0BA1-6E20-4B2E-B873-91B7F50BF767}.AppStore|Any CPU.Deploy.0 = Release|Any CPU
		{8CFC0BA1-6E20-4B2E-B873-91B7F50BF767}.AppStore|ARM.ActiveCfg = Release|Any CPU
		{8CFC0BA1-6E20-4B2E-B873-91B7F50BF767}.AppStore|ARM.Build.0 = Release|Any CPU
		{8CFC0BA1-6E20-4B2E-B873-91B7F50BF767}.AppStore|ARM.Deploy.0 = Release|Any CPU
		{8CFC0BA1-6E20-4B2E-B873-91B7F50BF767}.AppStore|iPhone.ActiveCfg = Release|Any CPU
		{8CFC0BA1-6E20-4B2E-B873-91B7F50BF767}.AppStore|iPhone.Build.0 = Release|Any CPU
		{8CFC0BA1-6E20-4B2E-B873-91B7F50BF767}.AppStore|iPhone.Deploy.0 = Release|Any CPU
		{8CFC0BA1-6E20-4B2E-B873-91B7F50BF767}.AppStore|iPhoneSimulator.ActiveCfg = Release|Any CPU
		{8CFC0BA1-6E20-4B2E-B873-91B7F50BF767}.AppStore|iPhoneSimulator.Build.0 = Release|Any CPU
		{8CFC0BA1-6E20-4B2E-B873-91B7F50BF767}.AppStore|iPhoneSimulator.Deploy.0 = Release|Any CPU
		{8CFC0BA1-6E20-4B2E-B873-91B7F50BF767}.AppStore|x64.ActiveCfg = Release|Any CPU
		{8CFC0BA1-6E20-4B2E-B873-91B7F50BF767}.AppStore|x64.Build.0 = Release|Any CPU
		{8CFC0BA1-6E20-4B2E-B873-91B7F50BF767}.AppStore|x64.Deploy.0 = Release|Any CPU
		{8CFC0BA1-6E20-4B2E-B873-91B7F50BF767}.AppStore|x86.ActiveCfg = Release|Any CPU
		{8CFC0BA1-6E20-4B2E-B873-91B7F50BF767}.AppStore|x86.Build.0 = Release|Any CPU
		{8CFC0BA1-6E20-4B2E-B873-91B7F50BF767}.AppStore|x86.Deploy.0 = Release|Any CPU
		{8CFC0BA1-6E20-4B2E-B873-91B7F50BF767}.Debug|Any CPU.ActiveCfg = Debug|Any CPU
		{8CFC0BA1-6E20-4B2E-B873-91B7F50BF767}.Debug|Any CPU.Build.0 = Debug|Any CPU
		{8CFC0BA1-6E20-4B2E-B873-91B7F50BF767}.Debug|Any CPU.Deploy.0 = Debug|Any CPU
		{8CFC0BA1-6E20-4B2E-B873-91B7F50BF767}.Debug|ARM.ActiveCfg = Debug|Any CPU
		{8CFC0BA1-6E20-4B2E-B873-91B7F50BF767}.Debug|ARM.Build.0 = Debug|Any CPU
		{8CFC0BA1-6E20-4B2E-B873-91B7F50BF767}.Debug|ARM.Deploy.0 = Debug|Any CPU
		{8CFC0BA1-6E20-4B2E-B873-91B7F50BF767}.Debug|iPhone.ActiveCfg = Debug|Any CPU
		{8CFC0BA1-6E20-4B2E-B873-91B7F50BF767}.Debug|iPhone.Build.0 = Debug|Any CPU
		{8CFC0BA1-6E20-4B2E-B873-91B7F50BF767}.Debug|iPhone.Deploy.0 = Debug|Any CPU
		{8CFC0BA1-6E20-4B2E-B873-91B7F50BF767}.Debug|iPhoneSimulator.ActiveCfg = Debug|Any CPU
		{8CFC0BA1-6E20-4B2E-B873-91B7F50BF767}.Debug|iPhoneSimulator.Build.0 = Debug|Any CPU
		{8CFC0BA1-6E20-4B2E-B873-91B7F50BF767}.Debug|iPhoneSimulator.Deploy.0 = Debug|Any CPU
		{8CFC0BA1-6E20-4B2E-B873-91B7F50BF767}.Debug|x64.ActiveCfg = Debug|Any CPU
		{8CFC0BA1-6E20-4B2E-B873-91B7F50BF767}.Debug|x64.Build.0 = Debug|Any CPU
		{8CFC0BA1-6E20-4B2E-B873-91B7F50BF767}.Debug|x64.Deploy.0 = Debug|Any CPU
		{8CFC0BA1-6E20-4B2E-B873-91B7F50BF767}.Debug|x86.ActiveCfg = Debug|Any CPU
		{8CFC0BA1-6E20-4B2E-B873-91B7F50BF767}.Debug|x86.Build.0 = Debug|Any CPU
		{8CFC0BA1-6E20-4B2E-B873-91B7F50BF767}.Debug|x86.Deploy.0 = Debug|Any CPU
		{8CFC0BA1-6E20-4B2E-B873-91B7F50BF767}.Release|Any CPU.ActiveCfg = Release|Any CPU
		{8CFC0BA1-6E20-4B2E-B873-91B7F50BF767}.Release|Any CPU.Build.0 = Release|Any CPU
		{8CFC0BA1-6E20-4B2E-B873-91B7F50BF767}.Release|Any CPU.Deploy.0 = Release|Any CPU
		{8CFC0BA1-6E20-4B2E-B873-91B7F50BF767}.Release|ARM.ActiveCfg = Release|Any CPU
		{8CFC0BA1-6E20-4B2E-B873-91B7F50BF767}.Release|ARM.Build.0 = Release|Any CPU
		{8CFC0BA1-6E20-4B2E-B873-91B7F50BF767}.Release|ARM.Deploy.0 = Release|Any CPU
		{8CFC0BA1-6E20-4B2E-B873-91B7F50BF767}.Release|iPhone.ActiveCfg = Release|Any CPU
		{8CFC0BA1-6E20-4B2E-B873-91B7F50BF767}.Release|iPhone.Build.0 = Release|Any CPU
		{8CFC0BA1-6E20-4B2E-B873-91B7F50BF767}.Release|iPhone.Deploy.0 = Release|Any CPU
		{8CFC0BA1-6E20-4B2E-B873-91B7F50BF767}.Release|iPhoneSimulator.ActiveCfg = Release|Any CPU
		{8CFC0BA1-6E20-4B2E-B873-91B7F50BF767}.Release|iPhoneSimulator.Build.0 = Release|Any CPU
		{8CFC0BA1-6E20-4B2E-B873-91B7F50BF767}.Release|iPhoneSimulator.Deploy.0 = Release|Any CPU
		{8CFC0BA1-6E20-4B2E-B873-91B7F50BF767}.Release|x64.ActiveCfg = Release|Any CPU
		{8CFC0BA1-6E20-4B2E-B873-91B7F50BF767}.Release|x64.Build.0 = Release|Any CPU
		{8CFC0BA1-6E20-4B2E-B873-91B7F50BF767}.Release|x64.Deploy.0 = Release|Any CPU
		{8CFC0BA1-6E20-4B2E-B873-91B7F50BF767}.Release|x86.ActiveCfg = Release|Any CPU
		{8CFC0BA1-6E20-4B2E-B873-91B7F50BF767}.Release|x86.Build.0 = Release|Any CPU
		{8CFC0BA1-6E20-4B2E-B873-91B7F50BF767}.Release|x86.Deploy.0 = Release|Any CPU
		{F6F0D273-F2CE-48BA-B736-8AC9A075C894}.Ad-Hoc|Any CPU.ActiveCfg = Ad-Hoc|iPhone
		{F6F0D273-F2CE-48BA-B736-8AC9A075C894}.Ad-Hoc|ARM.ActiveCfg = Ad-Hoc|iPhone
		{F6F0D273-F2CE-48BA-B736-8AC9A075C894}.Ad-Hoc|iPhone.ActiveCfg = Ad-Hoc|iPhone
		{F6F0D273-F2CE-48BA-B736-8AC9A075C894}.Ad-Hoc|iPhone.Build.0 = Ad-Hoc|iPhone
		{F6F0D273-F2CE-48BA-B736-8AC9A075C894}.Ad-Hoc|iPhoneSimulator.ActiveCfg = Ad-Hoc|iPhoneSimulator
		{F6F0D273-F2CE-48BA-B736-8AC9A075C894}.Ad-Hoc|iPhoneSimulator.Build.0 = Ad-Hoc|iPhoneSimulator
		{F6F0D273-F2CE-48BA-B736-8AC9A075C894}.Ad-Hoc|x64.ActiveCfg = Ad-Hoc|iPhone
		{F6F0D273-F2CE-48BA-B736-8AC9A075C894}.Ad-Hoc|x86.ActiveCfg = Ad-Hoc|iPhone
		{F6F0D273-F2CE-48BA-B736-8AC9A075C894}.AppStore|Any CPU.ActiveCfg = AppStore|iPhone
		{F6F0D273-F2CE-48BA-B736-8AC9A075C894}.AppStore|ARM.ActiveCfg = AppStore|iPhone
		{F6F0D273-F2CE-48BA-B736-8AC9A075C894}.AppStore|iPhone.ActiveCfg = AppStore|iPhone
		{F6F0D273-F2CE-48BA-B736-8AC9A075C894}.AppStore|iPhone.Build.0 = AppStore|iPhone
		{F6F0D273-F2CE-48BA-B736-8AC9A075C894}.AppStore|iPhoneSimulator.ActiveCfg = AppStore|iPhoneSimulator
		{F6F0D273-F2CE-48BA-B736-8AC9A075C894}.AppStore|iPhoneSimulator.Build.0 = AppStore|iPhoneSimulator
		{F6F0D273-F2CE-48BA-B736-8AC9A075C894}.AppStore|x64.ActiveCfg = AppStore|iPhone
		{F6F0D273-F2CE-48BA-B736-8AC9A075C894}.AppStore|x86.ActiveCfg = AppStore|iPhone
		{F6F0D273-F2CE-48BA-B736-8AC9A075C894}.Debug|Any CPU.ActiveCfg = Debug|iPhone
		{F6F0D273-F2CE-48BA-B736-8AC9A075C894}.Debug|ARM.ActiveCfg = Debug|iPhone
		{F6F0D273-F2CE-48BA-B736-8AC9A075C894}.Debug|iPhone.ActiveCfg = Debug|iPhone
		{F6F0D273-F2CE-48BA-B736-8AC9A075C894}.Debug|iPhone.Build.0 = Debug|iPhone
		{F6F0D273-F2CE-48BA-B736-8AC9A075C894}.Debug|iPhoneSimulator.ActiveCfg = Debug|iPhoneSimulator
		{F6F0D273-F2CE-48BA-B736-8AC9A075C894}.Debug|iPhoneSimulator.Build.0 = Debug|iPhoneSimulator
		{F6F0D273-F2CE-48BA-B736-8AC9A075C894}.Debug|x64.ActiveCfg = Debug|iPhone
		{F6F0D273-F2CE-48BA-B736-8AC9A075C894}.Debug|x86.ActiveCfg = Debug|iPhone
		{F6F0D273-F2CE-48BA-B736-8AC9A075C894}.Release|Any CPU.ActiveCfg = Release|iPhone
		{F6F0D273-F2CE-48BA-B736-8AC9A075C894}.Release|ARM.ActiveCfg = Release|iPhone
		{F6F0D273-F2CE-48BA-B736-8AC9A075C894}.Release|iPhone.ActiveCfg = Release|iPhone
		{F6F0D273-F2CE-48BA-B736-8AC9A075C894}.Release|iPhone.Build.0 = Release|iPhone
		{F6F0D273-F2CE-48BA-B736-8AC9A075C894}.Release|iPhoneSimulator.ActiveCfg = Release|iPhoneSimulator
		{F6F0D273-F2CE-48BA-B736-8AC9A075C894}.Release|iPhoneSimulator.Build.0 = Release|iPhoneSimulator
		{F6F0D273-F2CE-48BA-B736-8AC9A075C894}.Release|x64.ActiveCfg = Release|iPhone
		{F6F0D273-F2CE-48BA-B736-8AC9A075C894}.Release|x86.ActiveCfg = Release|iPhone
		{6D83AFF2-66F8-40BD-830F-3264B662BCB5}.Ad-Hoc|Any CPU.ActiveCfg = Release|Any CPU
		{6D83AFF2-66F8-40BD-830F-3264B662BCB5}.Ad-Hoc|Any CPU.Build.0 = Release|Any CPU
		{6D83AFF2-66F8-40BD-830F-3264B662BCB5}.Ad-Hoc|Any CPU.Deploy.0 = Release|Any CPU
		{6D83AFF2-66F8-40BD-830F-3264B662BCB5}.Ad-Hoc|ARM.ActiveCfg = Release|ARM
		{6D83AFF2-66F8-40BD-830F-3264B662BCB5}.Ad-Hoc|ARM.Build.0 = Release|ARM
		{6D83AFF2-66F8-40BD-830F-3264B662BCB5}.Ad-Hoc|ARM.Deploy.0 = Release|ARM
		{6D83AFF2-66F8-40BD-830F-3264B662BCB5}.Ad-Hoc|iPhone.ActiveCfg = Release|Any CPU
		{6D83AFF2-66F8-40BD-830F-3264B662BCB5}.Ad-Hoc|iPhone.Build.0 = Release|Any CPU
		{6D83AFF2-66F8-40BD-830F-3264B662BCB5}.Ad-Hoc|iPhone.Deploy.0 = Release|Any CPU
		{6D83AFF2-66F8-40BD-830F-3264B662BCB5}.Ad-Hoc|iPhoneSimulator.ActiveCfg = Release|Any CPU
		{6D83AFF2-66F8-40BD-830F-3264B662BCB5}.Ad-Hoc|iPhoneSimulator.Build.0 = Release|Any CPU
		{6D83AFF2-66F8-40BD-830F-3264B662BCB5}.Ad-Hoc|iPhoneSimulator.Deploy.0 = Release|Any CPU
		{6D83AFF2-66F8-40BD-830F-3264B662BCB5}.Ad-Hoc|x64.ActiveCfg = Release|Any CPU
		{6D83AFF2-66F8-40BD-830F-3264B662BCB5}.Ad-Hoc|x64.Build.0 = Release|Any CPU
		{6D83AFF2-66F8-40BD-830F-3264B662BCB5}.Ad-Hoc|x64.Deploy.0 = Release|Any CPU
		{6D83AFF2-66F8-40BD-830F-3264B662BCB5}.Ad-Hoc|x86.ActiveCfg = Release|x86
		{6D83AFF2-66F8-40BD-830F-3264B662BCB5}.Ad-Hoc|x86.Build.0 = Release|x86
		{6D83AFF2-66F8-40BD-830F-3264B662BCB5}.Ad-Hoc|x86.Deploy.0 = Release|x86
		{6D83AFF2-66F8-40BD-830F-3264B662BCB5}.AppStore|Any CPU.ActiveCfg = Release|Any CPU
		{6D83AFF2-66F8-40BD-830F-3264B662BCB5}.AppStore|Any CPU.Build.0 = Release|Any CPU
		{6D83AFF2-66F8-40BD-830F-3264B662BCB5}.AppStore|Any CPU.Deploy.0 = Release|Any CPU
		{6D83AFF2-66F8-40BD-830F-3264B662BCB5}.AppStore|ARM.ActiveCfg = Release|ARM
		{6D83AFF2-66F8-40BD-830F-3264B662BCB5}.AppStore|ARM.Build.0 = Release|ARM
		{6D83AFF2-66F8-40BD-830F-3264B662BCB5}.AppStore|ARM.Deploy.0 = Release|ARM
		{6D83AFF2-66F8-40BD-830F-3264B662BCB5}.AppStore|iPhone.ActiveCfg = Release|Any CPU
		{6D83AFF2-66F8-40BD-830F-3264B662BCB5}.AppStore|iPhone.Build.0 = Release|Any CPU
		{6D83AFF2-66F8-40BD-830F-3264B662BCB5}.AppStore|iPhone.Deploy.0 = Release|Any CPU
		{6D83AFF2-66F8-40BD-830F-3264B662BCB5}.AppStore|iPhoneSimulator.ActiveCfg = Release|Any CPU
		{6D83AFF2-66F8-40BD-830F-3264B662BCB5}.AppStore|iPhoneSimulator.Build.0 = Release|Any CPU
		{6D83AFF2-66F8-40BD-830F-3264B662BCB5}.AppStore|iPhoneSimulator.Deploy.0 = Release|Any CPU
		{6D83AFF2-66F8-40BD-830F-3264B662BCB5}.AppStore|x64.ActiveCfg = Release|Any CPU
		{6D83AFF2-66F8-40BD-830F-3264B662BCB5}.AppStore|x64.Build.0 = Release|Any CPU
		{6D83AFF2-66F8-40BD-830F-3264B662BCB5}.AppStore|x64.Deploy.0 = Release|Any CPU
		{6D83AFF2-66F8-40BD-830F-3264B662BCB5}.AppStore|x86.ActiveCfg = Release|x86
		{6D83AFF2-66F8-40BD-830F-3264B662BCB5}.AppStore|x86.Build.0 = Release|x86
		{6D83AFF2-66F8-40BD-830F-3264B662BCB5}.AppStore|x86.Deploy.0 = Release|x86
		{6D83AFF2-66F8-40BD-830F-3264B662BCB5}.Debug|Any CPU.ActiveCfg = Debug|Any CPU
		{6D83AFF2-66F8-40BD-830F-3264B662BCB5}.Debug|Any CPU.Build.0 = Debug|Any CPU
		{6D83AFF2-66F8-40BD-830F-3264B662BCB5}.Debug|Any CPU.Deploy.0 = Debug|Any CPU
		{6D83AFF2-66F8-40BD-830F-3264B662BCB5}.Debug|ARM.ActiveCfg = Debug|ARM
		{6D83AFF2-66F8-40BD-830F-3264B662BCB5}.Debug|ARM.Build.0 = Debug|ARM
		{6D83AFF2-66F8-40BD-830F-3264B662BCB5}.Debug|ARM.Deploy.0 = Debug|ARM
		{6D83AFF2-66F8-40BD-830F-3264B662BCB5}.Debug|iPhone.ActiveCfg = Debug|Any CPU
		{6D83AFF2-66F8-40BD-830F-3264B662BCB5}.Debug|iPhone.Build.0 = Debug|Any CPU
		{6D83AFF2-66F8-40BD-830F-3264B662BCB5}.Debug|iPhone.Deploy.0 = Debug|Any CPU
		{6D83AFF2-66F8-40BD-830F-3264B662BCB5}.Debug|iPhoneSimulator.ActiveCfg = Debug|Any CPU
		{6D83AFF2-66F8-40BD-830F-3264B662BCB5}.Debug|iPhoneSimulator.Build.0 = Debug|Any CPU
		{6D83AFF2-66F8-40BD-830F-3264B662BCB5}.Debug|iPhoneSimulator.Deploy.0 = Debug|Any CPU
		{6D83AFF2-66F8-40BD-830F-3264B662BCB5}.Debug|x64.ActiveCfg = Debug|Any CPU
		{6D83AFF2-66F8-40BD-830F-3264B662BCB5}.Debug|x64.Build.0 = Debug|Any CPU
		{6D83AFF2-66F8-40BD-830F-3264B662BCB5}.Debug|x64.Deploy.0 = Debug|Any CPU
		{6D83AFF2-66F8-40BD-830F-3264B662BCB5}.Debug|x86.ActiveCfg = Debug|x86
		{6D83AFF2-66F8-40BD-830F-3264B662BCB5}.Debug|x86.Build.0 = Debug|x86
		{6D83AFF2-66F8-40BD-830F-3264B662BCB5}.Debug|x86.Deploy.0 = Debug|x86
		{6D83AFF2-66F8-40BD-830F-3264B662BCB5}.Release|Any CPU.ActiveCfg = Release|Any CPU
		{6D83AFF2-66F8-40BD-830F-3264B662BCB5}.Release|Any CPU.Build.0 = Release|Any CPU
		{6D83AFF2-66F8-40BD-830F-3264B662BCB5}.Release|Any CPU.Deploy.0 = Release|Any CPU
		{6D83AFF2-66F8-40BD-830F-3264B662BCB5}.Release|ARM.ActiveCfg = Release|ARM
		{6D83AFF2-66F8-40BD-830F-3264B662BCB5}.Release|ARM.Build.0 = Release|ARM
		{6D83AFF2-66F8-40BD-830F-3264B662BCB5}.Release|ARM.Deploy.0 = Release|ARM
		{6D83AFF2-66F8-40BD-830F-3264B662BCB5}.Release|iPhone.ActiveCfg = Release|Any CPU
		{6D83AFF2-66F8-40BD-830F-3264B662BCB5}.Release|iPhone.Build.0 = Release|Any CPU
		{6D83AFF2-66F8-40BD-830F-3264B662BCB5}.Release|iPhone.Deploy.0 = Release|Any CPU
		{6D83AFF2-66F8-40BD-830F-3264B662BCB5}.Release|iPhoneSimulator.ActiveCfg = Release|Any CPU
		{6D83AFF2-66F8-40BD-830F-3264B662BCB5}.Release|iPhoneSimulator.Build.0 = Release|Any CPU
		{6D83AFF2-66F8-40BD-830F-3264B662BCB5}.Release|iPhoneSimulator.Deploy.0 = Release|Any CPU
		{6D83AFF2-66F8-40BD-830F-3264B662BCB5}.Release|x64.ActiveCfg = Release|Any CPU
		{6D83AFF2-66F8-40BD-830F-3264B662BCB5}.Release|x64.Build.0 = Release|Any CPU
		{6D83AFF2-66F8-40BD-830F-3264B662BCB5}.Release|x64.Deploy.0 = Release|Any CPU
		{6D83AFF2-66F8-40BD-830F-3264B662BCB5}.Release|x86.ActiveCfg = Release|x86
		{6D83AFF2-66F8-40BD-830F-3264B662BCB5}.Release|x86.Build.0 = Release|x86
		{6D83AFF2-66F8-40BD-830F-3264B662BCB5}.Release|x86.Deploy.0 = Release|x86
		{E7FA69ED-CB86-4F5A-986F-7F3F9D289481}.Ad-Hoc|Any CPU.ActiveCfg = Release|x86
		{E7FA69ED-CB86-4F5A-986F-7F3F9D289481}.Ad-Hoc|Any CPU.Build.0 = Release|x86
		{E7FA69ED-CB86-4F5A-986F-7F3F9D289481}.Ad-Hoc|Any CPU.Deploy.0 = Release|x86
		{E7FA69ED-CB86-4F5A-986F-7F3F9D289481}.Ad-Hoc|ARM.ActiveCfg = Release|ARM
		{E7FA69ED-CB86-4F5A-986F-7F3F9D289481}.Ad-Hoc|ARM.Build.0 = Release|ARM
		{E7FA69ED-CB86-4F5A-986F-7F3F9D289481}.Ad-Hoc|ARM.Deploy.0 = Release|ARM
		{E7FA69ED-CB86-4F5A-986F-7F3F9D289481}.Ad-Hoc|iPhone.ActiveCfg = Release|x86
		{E7FA69ED-CB86-4F5A-986F-7F3F9D289481}.Ad-Hoc|iPhone.Build.0 = Release|x86
		{E7FA69ED-CB86-4F5A-986F-7F3F9D289481}.Ad-Hoc|iPhone.Deploy.0 = Release|x86
		{E7FA69ED-CB86-4F5A-986F-7F3F9D289481}.Ad-Hoc|iPhoneSimulator.ActiveCfg = Release|x86
		{E7FA69ED-CB86-4F5A-986F-7F3F9D289481}.Ad-Hoc|iPhoneSimulator.Build.0 = Release|x86
		{E7FA69ED-CB86-4F5A-986F-7F3F9D289481}.Ad-Hoc|iPhoneSimulator.Deploy.0 = Release|x86
		{E7FA69ED-CB86-4F5A-986F-7F3F9D289481}.Ad-Hoc|x64.ActiveCfg = Release|x64
		{E7FA69ED-CB86-4F5A-986F-7F3F9D289481}.Ad-Hoc|x64.Build.0 = Release|x64
		{E7FA69ED-CB86-4F5A-986F-7F3F9D289481}.Ad-Hoc|x64.Deploy.0 = Release|x64
		{E7FA69ED-CB86-4F5A-986F-7F3F9D289481}.Ad-Hoc|x86.ActiveCfg = Release|x86
		{E7FA69ED-CB86-4F5A-986F-7F3F9D289481}.Ad-Hoc|x86.Build.0 = Release|x86
		{E7FA69ED-CB86-4F5A-986F-7F3F9D289481}.Ad-Hoc|x86.Deploy.0 = Release|x86
		{E7FA69ED-CB86-4F5A-986F-7F3F9D289481}.AppStore|Any CPU.ActiveCfg = Release|x86
		{E7FA69ED-CB86-4F5A-986F-7F3F9D289481}.AppStore|Any CPU.Build.0 = Release|x86
		{E7FA69ED-CB86-4F5A-986F-7F3F9D289481}.AppStore|Any CPU.Deploy.0 = Release|x86
		{E7FA69ED-CB86-4F5A-986F-7F3F9D289481}.AppStore|ARM.ActiveCfg = Release|ARM
		{E7FA69ED-CB86-4F5A-986F-7F3F9D289481}.AppStore|ARM.Build.0 = Release|ARM
		{E7FA69ED-CB86-4F5A-986F-7F3F9D289481}.AppStore|ARM.Deploy.0 = Release|ARM
		{E7FA69ED-CB86-4F5A-986F-7F3F9D289481}.AppStore|iPhone.ActiveCfg = Release|x86
		{E7FA69ED-CB86-4F5A-986F-7F3F9D289481}.AppStore|iPhone.Build.0 = Release|x86
		{E7FA69ED-CB86-4F5A-986F-7F3F9D289481}.AppStore|iPhone.Deploy.0 = Release|x86
		{E7FA69ED-CB86-4F5A-986F-7F3F9D289481}.AppStore|iPhoneSimulator.ActiveCfg = Release|x86
		{E7FA69ED-CB86-4F5A-986F-7F3F9D289481}.AppStore|iPhoneSimulator.Build.0 = Release|x86
		{E7FA69ED-CB86-4F5A-986F-7F3F9D289481}.AppStore|iPhoneSimulator.Deploy.0 = Release|x86
		{E7FA69ED-CB86-4F5A-986F-7F3F9D289481}.AppStore|x64.ActiveCfg = Release|x64
		{E7FA69ED-CB86-4F5A-986F-7F3F9D289481}.AppStore|x64.Build.0 = Release|x64
		{E7FA69ED-CB86-4F5A-986F-7F3F9D289481}.AppStore|x64.Deploy.0 = Release|x64
		{E7FA69ED-CB86-4F5A-986F-7F3F9D289481}.AppStore|x86.ActiveCfg = Release|x86
		{E7FA69ED-CB86-4F5A-986F-7F3F9D289481}.AppStore|x86.Build.0 = Release|x86
		{E7FA69ED-CB86-4F5A-986F-7F3F9D289481}.AppStore|x86.Deploy.0 = Release|x86
		{E7FA69ED-CB86-4F5A-986F-7F3F9D289481}.Debug|Any CPU.ActiveCfg = Debug|x86
		{E7FA69ED-CB86-4F5A-986F-7F3F9D289481}.Debug|Any CPU.Build.0 = Debug|x86
		{E7FA69ED-CB86-4F5A-986F-7F3F9D289481}.Debug|Any CPU.Deploy.0 = Debug|x86
		{E7FA69ED-CB86-4F5A-986F-7F3F9D289481}.Debug|ARM.ActiveCfg = Debug|ARM
		{E7FA69ED-CB86-4F5A-986F-7F3F9D289481}.Debug|ARM.Build.0 = Debug|ARM
		{E7FA69ED-CB86-4F5A-986F-7F3F9D289481}.Debug|ARM.Deploy.0 = Debug|ARM
		{E7FA69ED-CB86-4F5A-986F-7F3F9D289481}.Debug|iPhone.ActiveCfg = Debug|x86
		{E7FA69ED-CB86-4F5A-986F-7F3F9D289481}.Debug|iPhoneSimulator.ActiveCfg = Debug|x86
		{E7FA69ED-CB86-4F5A-986F-7F3F9D289481}.Debug|x64.ActiveCfg = Debug|x64
		{E7FA69ED-CB86-4F5A-986F-7F3F9D289481}.Debug|x64.Build.0 = Debug|x64
		{E7FA69ED-CB86-4F5A-986F-7F3F9D289481}.Debug|x64.Deploy.0 = Debug|x64
		{E7FA69ED-CB86-4F5A-986F-7F3F9D289481}.Debug|x86.ActiveCfg = Debug|x86
		{E7FA69ED-CB86-4F5A-986F-7F3F9D289481}.Debug|x86.Build.0 = Debug|x86
		{E7FA69ED-CB86-4F5A-986F-7F3F9D289481}.Debug|x86.Deploy.0 = Debug|x86
		{E7FA69ED-CB86-4F5A-986F-7F3F9D289481}.Release|Any CPU.ActiveCfg = Release|x86
		{E7FA69ED-CB86-4F5A-986F-7F3F9D289481}.Release|ARM.ActiveCfg = Release|ARM
		{E7FA69ED-CB86-4F5A-986F-7F3F9D289481}.Release|ARM.Build.0 = Release|ARM
		{E7FA69ED-CB86-4F5A-986F-7F3F9D289481}.Release|ARM.Deploy.0 = Release|ARM
		{E7FA69ED-CB86-4F5A-986F-7F3F9D289481}.Release|iPhone.ActiveCfg = Release|x86
		{E7FA69ED-CB86-4F5A-986F-7F3F9D289481}.Release|iPhoneSimulator.ActiveCfg = Release|x86
		{E7FA69ED-CB86-4F5A-986F-7F3F9D289481}.Release|x64.ActiveCfg = Release|x64
		{E7FA69ED-CB86-4F5A-986F-7F3F9D289481}.Release|x64.Build.0 = Release|x64
		{E7FA69ED-CB86-4F5A-986F-7F3F9D289481}.Release|x64.Deploy.0 = Release|x64
		{E7FA69ED-CB86-4F5A-986F-7F3F9D289481}.Release|x86.ActiveCfg = Release|x86
		{E7FA69ED-CB86-4F5A-986F-7F3F9D289481}.Release|x86.Build.0 = Release|x86
		{E7FA69ED-CB86-4F5A-986F-7F3F9D289481}.Release|x86.Deploy.0 = Release|x86
		{52C8FD56-390B-47C4-B451-22734CF0CD8E}.Ad-Hoc|Any CPU.ActiveCfg = Release|Any CPU
		{52C8FD56-390B-47C4-B451-22734CF0CD8E}.Ad-Hoc|Any CPU.Build.0 = Release|Any CPU
		{52C8FD56-390B-47C4-B451-22734CF0CD8E}.Ad-Hoc|Any CPU.Deploy.0 = Release|Any CPU
		{52C8FD56-390B-47C4-B451-22734CF0CD8E}.Ad-Hoc|ARM.ActiveCfg = Release|ARM
		{52C8FD56-390B-47C4-B451-22734CF0CD8E}.Ad-Hoc|ARM.Build.0 = Release|ARM
		{52C8FD56-390B-47C4-B451-22734CF0CD8E}.Ad-Hoc|ARM.Deploy.0 = Release|ARM
		{52C8FD56-390B-47C4-B451-22734CF0CD8E}.Ad-Hoc|iPhone.ActiveCfg = Release|Any CPU
		{52C8FD56-390B-47C4-B451-22734CF0CD8E}.Ad-Hoc|iPhone.Build.0 = Release|Any CPU
		{52C8FD56-390B-47C4-B451-22734CF0CD8E}.Ad-Hoc|iPhone.Deploy.0 = Release|Any CPU
		{52C8FD56-390B-47C4-B451-22734CF0CD8E}.Ad-Hoc|iPhoneSimulator.ActiveCfg = Release|Any CPU
		{52C8FD56-390B-47C4-B451-22734CF0CD8E}.Ad-Hoc|iPhoneSimulator.Build.0 = Release|Any CPU
		{52C8FD56-390B-47C4-B451-22734CF0CD8E}.Ad-Hoc|iPhoneSimulator.Deploy.0 = Release|Any CPU
		{52C8FD56-390B-47C4-B451-22734CF0CD8E}.Ad-Hoc|x64.ActiveCfg = Release|x64
		{52C8FD56-390B-47C4-B451-22734CF0CD8E}.Ad-Hoc|x64.Build.0 = Release|x64
		{52C8FD56-390B-47C4-B451-22734CF0CD8E}.Ad-Hoc|x64.Deploy.0 = Release|x64
		{52C8FD56-390B-47C4-B451-22734CF0CD8E}.Ad-Hoc|x86.ActiveCfg = Release|x86
		{52C8FD56-390B-47C4-B451-22734CF0CD8E}.Ad-Hoc|x86.Build.0 = Release|x86
		{52C8FD56-390B-47C4-B451-22734CF0CD8E}.Ad-Hoc|x86.Deploy.0 = Release|x86
		{52C8FD56-390B-47C4-B451-22734CF0CD8E}.AppStore|Any CPU.ActiveCfg = Release|Any CPU
		{52C8FD56-390B-47C4-B451-22734CF0CD8E}.AppStore|Any CPU.Build.0 = Release|Any CPU
		{52C8FD56-390B-47C4-B451-22734CF0CD8E}.AppStore|Any CPU.Deploy.0 = Release|Any CPU
		{52C8FD56-390B-47C4-B451-22734CF0CD8E}.AppStore|ARM.ActiveCfg = Release|ARM
		{52C8FD56-390B-47C4-B451-22734CF0CD8E}.AppStore|ARM.Build.0 = Release|ARM
		{52C8FD56-390B-47C4-B451-22734CF0CD8E}.AppStore|ARM.Deploy.0 = Release|ARM
		{52C8FD56-390B-47C4-B451-22734CF0CD8E}.AppStore|iPhone.ActiveCfg = Release|Any CPU
		{52C8FD56-390B-47C4-B451-22734CF0CD8E}.AppStore|iPhone.Build.0 = Release|Any CPU
		{52C8FD56-390B-47C4-B451-22734CF0CD8E}.AppStore|iPhone.Deploy.0 = Release|Any CPU
		{52C8FD56-390B-47C4-B451-22734CF0CD8E}.AppStore|iPhoneSimulator.ActiveCfg = Release|Any CPU
		{52C8FD56-390B-47C4-B451-22734CF0CD8E}.AppStore|iPhoneSimulator.Build.0 = Release|Any CPU
		{52C8FD56-390B-47C4-B451-22734CF0CD8E}.AppStore|iPhoneSimulator.Deploy.0 = Release|Any CPU
		{52C8FD56-390B-47C4-B451-22734CF0CD8E}.AppStore|x64.ActiveCfg = Release|x64
		{52C8FD56-390B-47C4-B451-22734CF0CD8E}.AppStore|x64.Build.0 = Release|x64
		{52C8FD56-390B-47C4-B451-22734CF0CD8E}.AppStore|x64.Deploy.0 = Release|x64
		{52C8FD56-390B-47C4-B451-22734CF0CD8E}.AppStore|x86.ActiveCfg = Release|x86
		{52C8FD56-390B-47C4-B451-22734CF0CD8E}.AppStore|x86.Build.0 = Release|x86
		{52C8FD56-390B-47C4-B451-22734CF0CD8E}.AppStore|x86.Deploy.0 = Release|x86
		{52C8FD56-390B-47C4-B451-22734CF0CD8E}.Debug|Any CPU.ActiveCfg = Debug|Any CPU
		{52C8FD56-390B-47C4-B451-22734CF0CD8E}.Debug|Any CPU.Build.0 = Debug|Any CPU
		{52C8FD56-390B-47C4-B451-22734CF0CD8E}.Debug|Any CPU.Deploy.0 = Debug|Any CPU
		{52C8FD56-390B-47C4-B451-22734CF0CD8E}.Debug|ARM.ActiveCfg = Debug|ARM
		{52C8FD56-390B-47C4-B451-22734CF0CD8E}.Debug|ARM.Build.0 = Debug|ARM
		{52C8FD56-390B-47C4-B451-22734CF0CD8E}.Debug|ARM.Deploy.0 = Debug|ARM
		{52C8FD56-390B-47C4-B451-22734CF0CD8E}.Debug|iPhone.ActiveCfg = Debug|Any CPU
		{52C8FD56-390B-47C4-B451-22734CF0CD8E}.Debug|iPhone.Build.0 = Debug|Any CPU
		{52C8FD56-390B-47C4-B451-22734CF0CD8E}.Debug|iPhone.Deploy.0 = Debug|Any CPU
		{52C8FD56-390B-47C4-B451-22734CF0CD8E}.Debug|iPhoneSimulator.ActiveCfg = Debug|Any CPU
		{52C8FD56-390B-47C4-B451-22734CF0CD8E}.Debug|iPhoneSimulator.Build.0 = Debug|Any CPU
		{52C8FD56-390B-47C4-B451-22734CF0CD8E}.Debug|iPhoneSimulator.Deploy.0 = Debug|Any CPU
		{52C8FD56-390B-47C4-B451-22734CF0CD8E}.Debug|x64.ActiveCfg = Debug|x64
		{52C8FD56-390B-47C4-B451-22734CF0CD8E}.Debug|x64.Build.0 = Debug|x64
		{52C8FD56-390B-47C4-B451-22734CF0CD8E}.Debug|x64.Deploy.0 = Debug|x64
		{52C8FD56-390B-47C4-B451-22734CF0CD8E}.Debug|x86.ActiveCfg = Debug|x86
		{52C8FD56-390B-47C4-B451-22734CF0CD8E}.Debug|x86.Build.0 = Debug|x86
		{52C8FD56-390B-47C4-B451-22734CF0CD8E}.Debug|x86.Deploy.0 = Debug|x86
		{52C8FD56-390B-47C4-B451-22734CF0CD8E}.Release|Any CPU.ActiveCfg = Release|Any CPU
		{52C8FD56-390B-47C4-B451-22734CF0CD8E}.Release|Any CPU.Build.0 = Release|Any CPU
		{52C8FD56-390B-47C4-B451-22734CF0CD8E}.Release|Any CPU.Deploy.0 = Release|Any CPU
		{52C8FD56-390B-47C4-B451-22734CF0CD8E}.Release|ARM.ActiveCfg = Release|ARM
		{52C8FD56-390B-47C4-B451-22734CF0CD8E}.Release|ARM.Build.0 = Release|ARM
		{52C8FD56-390B-47C4-B451-22734CF0CD8E}.Release|ARM.Deploy.0 = Release|ARM
		{52C8FD56-390B-47C4-B451-22734CF0CD8E}.Release|iPhone.ActiveCfg = Release|Any CPU
		{52C8FD56-390B-47C4-B451-22734CF0CD8E}.Release|iPhone.Build.0 = Release|Any CPU
		{52C8FD56-390B-47C4-B451-22734CF0CD8E}.Release|iPhone.Deploy.0 = Release|Any CPU
		{52C8FD56-390B-47C4-B451-22734CF0CD8E}.Release|iPhoneSimulator.ActiveCfg = Release|Any CPU
		{52C8FD56-390B-47C4-B451-22734CF0CD8E}.Release|iPhoneSimulator.Build.0 = Release|Any CPU
		{52C8FD56-390B-47C4-B451-22734CF0CD8E}.Release|iPhoneSimulator.Deploy.0 = Release|Any CPU
		{52C8FD56-390B-47C4-B451-22734CF0CD8E}.Release|x64.ActiveCfg = Release|x64
		{52C8FD56-390B-47C4-B451-22734CF0CD8E}.Release|x64.Build.0 = Release|x64
		{52C8FD56-390B-47C4-B451-22734CF0CD8E}.Release|x64.Deploy.0 = Release|x64
		{52C8FD56-390B-47C4-B451-22734CF0CD8E}.Release|x86.ActiveCfg = Release|x86
		{52C8FD56-390B-47C4-B451-22734CF0CD8E}.Release|x86.Build.0 = Release|x86
		{52C8FD56-390B-47C4-B451-22734CF0CD8E}.Release|x86.Deploy.0 = Release|x86
	EndGlobalSection
	GlobalSection(SolutionProperties) = preSolution
		HideSolutionNode = FALSE
	EndGlobalSection
EndGlobal
